
Microsoft Visual Studio Solution File, Format Version 10.00
# Visual Studio 2008
Project("{8BC9CEB8-8B4A-11D0-8D11-00A0C91BC942}") = "WebKit", "webkit.vcproj", "{0CE2511F-9C96-4588-B674-2EB439D14EAF}"
	ProjectSection(ProjectDependencies) = postProject
		{A6292A21-3577-4D8E-B750-B237172251D4} = {A6292A21-3577-4D8E-B750-B237172251D4}
		{37FD7C2F-E71D-44DC-8965-464F7BC602E0} = {37FD7C2F-E71D-44DC-8965-464F7BC602E0}
		{87355734-CA48-4C1A-A615-E854367749C9} = {87355734-CA48-4C1A-A615-E854367749C9}
		{33D0F48F-3555-4E6D-BE6D-140C2254D8A3} = {33D0F48F-3555-4E6D-BE6D-140C2254D8A3}
		{2A05A59A-0B18-4055-A8AF-DBB68241150E} = {2A05A59A-0B18-4055-A8AF-DBB68241150E}
		{502B91AD-FE5B-4376-804C-D765A92E494B} = {502B91AD-FE5B-4376-804C-D765A92E494B}
		{7CF641D5-C0B7-4816-B769-F2A628560EB7} = {7CF641D5-C0B7-4816-B769-F2A628560EB7}
	EndProjectSection
EndProject
Project("{8BC9CEB8-8B4A-11D0-8D11-00A0C91BC942}") = "libjscore", "jscore.vcproj", "{502B91AD-FE5B-4376-804C-D765A92E494B}"
EndProject
Project("{8BC9CEB8-8B4A-11D0-8D11-00A0C91BC942}") = "libjpeg", "libjpeg.vcproj", "{A6292A21-3577-4D8E-B750-B237172251D4}"
EndProject
Project("{8BC9CEB8-8B4A-11D0-8D11-00A0C91BC942}") = "libzlib", "zlib.vcproj", "{602FD7E0-6C43-4227-8D9A-11955CDAE930}"
EndProject
Project("{8BC9CEB8-8B4A-11D0-8D11-00A0C91BC942}") = "libpng", "libpng.vcproj", "{33D0F48F-3555-4E6D-BE6D-140C2254D8A3}"
	ProjectSection(ProjectDependencies) = postProject
		{602FD7E0-6C43-4227-8D9A-11955CDAE930} = {602FD7E0-6C43-4227-8D9A-11955CDAE930}
	EndProjectSection
EndProject
Project("{8BC9CEB8-8B4A-11D0-8D11-00A0C91BC942}") = "libcurl", "libcurl.vcproj", "{87355734-CA48-4C1A-A615-E854367749C9}"
	ProjectSection(ProjectDependencies) = postProject
		{2AA0918E-E483-4CB8-8009-763CF1937619} = {2AA0918E-E483-4CB8-8009-763CF1937619}
		{602FD7E0-6C43-4227-8D9A-11955CDAE930} = {602FD7E0-6C43-4227-8D9A-11955CDAE930}
	EndProjectSection
EndProject
Project("{8BC9CEB8-8B4A-11D0-8D11-00A0C91BC942}") = "libxml2", "libxml2.vcproj", "{2A05A59A-0B18-4055-A8AF-DBB68241150E}"
	ProjectSection(ProjectDependencies) = postProject
		{602FD7E0-6C43-4227-8D9A-11955CDAE930} = {602FD7E0-6C43-4227-8D9A-11955CDAE930}
	EndProjectSection
EndProject
Project("{8BC9CEB8-8B4A-11D0-8D11-00A0C91BC942}") = "libxslt", "libxslt.vcproj", "{7CF641D5-C0B7-4816-B769-F2A628560EB7}"
	ProjectSection(ProjectDependencies) = postProject
		{2A05A59A-0B18-4055-A8AF-DBB68241150E} = {2A05A59A-0B18-4055-A8AF-DBB68241150E}
		{602FD7E0-6C43-4227-8D9A-11955CDAE930} = {602FD7E0-6C43-4227-8D9A-11955CDAE930}
	EndProjectSection
EndProject
Project("{8BC9CEB8-8B4A-11D0-8D11-00A0C91BC942}") = "libexslt", "libexslt.vcproj", "{37FD7C2F-E71D-44DC-8965-464F7BC602E0}"
	ProjectSection(ProjectDependencies) = postProject
		{2A05A59A-0B18-4055-A8AF-DBB68241150E} = {2A05A59A-0B18-4055-A8AF-DBB68241150E}
		{7CF641D5-C0B7-4816-B769-F2A628560EB7} = {7CF641D5-C0B7-4816-B769-F2A628560EB7}
		{602FD7E0-6C43-4227-8D9A-11955CDAE930} = {602FD7E0-6C43-4227-8D9A-11955CDAE930}
	EndProjectSection
EndProject
Project("{8BC9CEB8-8B4A-11D0-8D11-00A0C91BC942}") = "libpolarssl", "libpolarssl.vcproj", "{2AA0918E-E483-4CB8-8009-763CF1937619}"
	ProjectSection(ProjectDependencies) = postProject
		{602FD7E0-6C43-4227-8D9A-11955CDAE930} = {602FD7E0-6C43-4227-8D9A-11955CDAE930}
	EndProjectSection
EndProject
Project("{8BC9CEB8-8B4A-11D0-8D11-00A0C91BC942}") = "test", "test.vcproj", "{219D19F4-3785-4C78-AB6D-BE27BBBF4996}"
	ProjectSection(ProjectDependencies) = postProject
		{0CE2511F-9C96-4588-B674-2EB439D14EAF} = {0CE2511F-9C96-4588-B674-2EB439D14EAF}
	EndProjectSection
EndProject
Global
	GlobalSection(SolutionConfigurationPlatforms) = preSolution
		Debug|Win32 = Debug|Win32
		Debug|Windows Mobile 6 Standard SDK (ARMV4I) = Debug|Windows Mobile 6 Standard SDK (ARMV4I)
		Release|Win32 = Release|Win32
		Release|Windows Mobile 6 Standard SDK (ARMV4I) = Release|Windows Mobile 6 Standard SDK (ARMV4I)
	EndGlobalSection
	GlobalSection(ProjectConfigurationPlatforms) = postSolution
		{0CE2511F-9C96-4588-B674-2EB439D14EAF}.Debug|Win32.ActiveCfg = Debug|Win32
		{0CE2511F-9C96-4588-B674-2EB439D14EAF}.Debug|Win32.Build.0 = Debug|Win32
		{0CE2511F-9C96-4588-B674-2EB439D14EAF}.Debug|Windows Mobile 6 Standard SDK (ARMV4I).ActiveCfg = Debug|Windows Mobile 6 Standard SDK (ARMV4I)
		{0CE2511F-9C96-4588-B674-2EB439D14EAF}.Debug|Windows Mobile 6 Standard SDK (ARMV4I).Build.0 = Debug|Windows Mobile 6 Standard SDK (ARMV4I)
		{0CE2511F-9C96-4588-B674-2EB439D14EAF}.Debug|Windows Mobile 6 Standard SDK (ARMV4I).Deploy.0 = Debug|Windows Mobile 6 Standard SDK (ARMV4I)
		{0CE2511F-9C96-4588-B674-2EB439D14EAF}.Release|Win32.ActiveCfg = Release|Win32
		{0CE2511F-9C96-4588-B674-2EB439D14EAF}.Release|Win32.Build.0 = Release|Win32
		{0CE2511F-9C96-4588-B674-2EB439D14EAF}.Release|Windows Mobile 6 Standard SDK (ARMV4I).ActiveCfg = Release|Windows Mobile 6 Standard SDK (ARMV4I)
		{0CE2511F-9C96-4588-B674-2EB439D14EAF}.Release|Windows Mobile 6 Standard SDK (ARMV4I).Build.0 = Release|Windows Mobile 6 Standard SDK (ARMV4I)
		{0CE2511F-9C96-4588-B674-2EB439D14EAF}.Release|Windows Mobile 6 Standard SDK (ARMV4I).Deploy.0 = Release|Windows Mobile 6 Standard SDK (ARMV4I)
		{502B91AD-FE5B-4376-804C-D765A92E494B}.Debug|Win32.ActiveCfg = Debug|Win32
		{502B91AD-FE5B-4376-804C-D765A92E494B}.Debug|Win32.Build.0 = Debug|Win32
		{502B91AD-FE5B-4376-804C-D765A92E494B}.Debug|Windows Mobile 6 Standard SDK (ARMV4I).ActiveCfg = Debug|Windows Mobile 6 Standard SDK (ARMV4I)
		{502B91AD-FE5B-4376-804C-D765A92E494B}.Debug|Windows Mobile 6 Standard SDK (ARMV4I).Build.0 = Debug|Windows Mobile 6 Standard SDK (ARMV4I)
		{502B91AD-FE5B-4376-804C-D765A92E494B}.Debug|Windows Mobile 6 Standard SDK (ARMV4I).Deploy.0 = Debug|Windows Mobile 6 Standard SDK (ARMV4I)
		{502B91AD-FE5B-4376-804C-D765A92E494B}.Release|Win32.ActiveCfg = Release|Win32
		{502B91AD-FE5B-4376-804C-D765A92E494B}.Release|Win32.Build.0 = Release|Win32
		{502B91AD-FE5B-4376-804C-D765A92E494B}.Release|Windows Mobile 6 Standard SDK (ARMV4I).ActiveCfg = Release|Windows Mobile 6 Standard SDK (ARMV4I)
		{502B91AD-FE5B-4376-804C-D765A92E494B}.Release|Windows Mobile 6 Standard SDK (ARMV4I).Build.0 = Release|Windows Mobile 6 Standard SDK (ARMV4I)
		{502B91AD-FE5B-4376-804C-D765A92E494B}.Release|Windows Mobile 6 Standard SDK (ARMV4I).Deploy.0 = Release|Windows Mobile 6 Standard SDK (ARMV4I)
		{A6292A21-3577-4D8E-B750-B237172251D4}.Debug|Win32.ActiveCfg = Debug|Win32
		{A6292A21-3577-4D8E-B750-B237172251D4}.Debug|Win32.Build.0 = Debug|Win32
		{A6292A21-3577-4D8E-B750-B237172251D4}.Debug|Windows Mobile 6 Standard SDK (ARMV4I).ActiveCfg = Debug|Windows Mobile 6 Standard SDK (ARMV4I)
		{A6292A21-3577-4D8E-B750-B237172251D4}.Debug|Windows Mobile 6 Standard SDK (ARMV4I).Build.0 = Debug|Windows Mobile 6 Standard SDK (ARMV4I)
		{A6292A21-3577-4D8E-B750-B237172251D4}.Debug|Windows Mobile 6 Standard SDK (ARMV4I).Deploy.0 = Debug|Windows Mobile 6 Standard SDK (ARMV4I)
		{A6292A21-3577-4D8E-B750-B237172251D4}.Release|Win32.ActiveCfg = Release|Win32
		{A6292A21-3577-4D8E-B750-B237172251D4}.Release|Win32.Build.0 = Release|Win32
		{A6292A21-3577-4D8E-B750-B237172251D4}.Release|Windows Mobile 6 Standard SDK (ARMV4I).ActiveCfg = Release|Windows Mobile 6 Standard SDK (ARMV4I)
		{A6292A21-3577-4D8E-B750-B237172251D4}.Release|Windows Mobile 6 Standard SDK (ARMV4I).Build.0 = Release|Windows Mobile 6 Standard SDK (ARMV4I)
		{A6292A21-3577-4D8E-B750-B237172251D4}.Release|Windows Mobile 6 Standard SDK (ARMV4I).Deploy.0 = Release|Windows Mobile 6 Standard SDK (ARMV4I)
		{602FD7E0-6C43-4227-8D9A-11955CDAE930}.Debug|Win32.ActiveCfg = Debug|Win32
		{602FD7E0-6C43-4227-8D9A-11955CDAE930}.Debug|Win32.Build.0 = Debug|Win32
		{602FD7E0-6C43-4227-8D9A-11955CDAE930}.Debug|Windows Mobile 6 Standard SDK (ARMV4I).ActiveCfg = Debug|Windows Mobile 6 Standard SDK (ARMV4I)
		{602FD7E0-6C43-4227-8D9A-11955CDAE930}.Debug|Windows Mobile 6 Standard SDK (ARMV4I).Build.0 = Debug|Windows Mobile 6 Standard SDK (ARMV4I)
		{602FD7E0-6C43-4227-8D9A-11955CDAE930}.Debug|Windows Mobile 6 Standard SDK (ARMV4I).Deploy.0 = Debug|Windows Mobile 6 Standard SDK (ARMV4I)
		{602FD7E0-6C43-4227-8D9A-11955CDAE930}.Release|Win32.ActiveCfg = Release|Win32
		{602FD7E0-6C43-4227-8D9A-11955CDAE930}.Release|Win32.Build.0 = Release|Win32
		{602FD7E0-6C43-4227-8D9A-11955CDAE930}.Release|Windows Mobile 6 Standard SDK (ARMV4I).ActiveCfg = Release|Windows Mobile 6 Standard SDK (ARMV4I)
		{602FD7E0-6C43-4227-8D9A-11955CDAE930}.Release|Windows Mobile 6 Standard SDK (ARMV4I).Build.0 = Release|Windows Mobile 6 Standard SDK (ARMV4I)
		{602FD7E0-6C43-4227-8D9A-11955CDAE930}.Release|Windows Mobile 6 Standard SDK (ARMV4I).Deploy.0 = Release|Windows Mobile 6 Standard SDK (ARMV4I)
		{33D0F48F-3555-4E6D-BE6D-140C2254D8A3}.Debug|Win32.ActiveCfg = Debug|Win32
		{33D0F48F-3555-4E6D-BE6D-140C2254D8A3}.Debug|Win32.Build.0 = Debug|Win32
		{33D0F48F-3555-4E6D-BE6D-140C2254D8A3}.Debug|Windows Mobile 6 Standard SDK (ARMV4I).ActiveCfg = Debug|Windows Mobile 6 Standard SDK (ARMV4I)
		{33D0F48F-3555-4E6D-BE6D-140C2254D8A3}.Debug|Windows Mobile 6 Standard SDK (ARMV4I).Build.0 = Debug|Windows Mobile 6 Standard SDK (ARMV4I)
		{33D0F48F-3555-4E6D-BE6D-140C2254D8A3}.Debug|Windows Mobile 6 Standard SDK (ARMV4I).Deploy.0 = Debug|Windows Mobile 6 Standard SDK (ARMV4I)
		{33D0F48F-3555-4E6D-BE6D-140C2254D8A3}.Release|Win32.ActiveCfg = Release|Win32
		{33D0F48F-3555-4E6D-BE6D-140C2254D8A3}.Release|Win32.Build.0 = Release|Win32
		{33D0F48F-3555-4E6D-BE6D-140C2254D8A3}.Release|Windows Mobile 6 Standard SDK (ARMV4I).ActiveCfg = Release|Windows Mobile 6 Standard SDK (ARMV4I)
		{33D0F48F-3555-4E6D-BE6D-140C2254D8A3}.Release|Windows Mobile 6 Standard SDK (ARMV4I).Build.0 = Release|Windows Mobile 6 Standard SDK (ARMV4I)
		{33D0F48F-3555-4E6D-BE6D-140C2254D8A3}.Release|Windows Mobile 6 Standard SDK (ARMV4I).Deploy.0 = Release|Windows Mobile 6 Standard SDK (ARMV4I)
		{87355734-CA48-4C1A-A615-E854367749C9}.Debug|Win32.ActiveCfg = Debug|Win32
		{87355734-CA48-4C1A-A615-E854367749C9}.Debug|Win32.Build.0 = Debug|Win32
		{87355734-CA48-4C1A-A615-E854367749C9}.Debug|Windows Mobile 6 Standard SDK (ARMV4I).ActiveCfg = Debug|Windows Mobile 6 Standard SDK (ARMV4I)
		{87355734-CA48-4C1A-A615-E854367749C9}.Debug|Windows Mobile 6 Standard SDK (ARMV4I).Build.0 = Debug|Windows Mobile 6 Standard SDK (ARMV4I)
		{87355734-CA48-4C1A-A615-E854367749C9}.Debug|Windows Mobile 6 Standard SDK (ARMV4I).Deploy.0 = Debug|Windows Mobile 6 Standard SDK (ARMV4I)
		{87355734-CA48-4C1A-A615-E854367749C9}.Release|Win32.ActiveCfg = Release|Win32
		{87355734-CA48-4C1A-A615-E854367749C9}.Release|Win32.Build.0 = Release|Win32
		{87355734-CA48-4C1A-A615-E854367749C9}.Release|Windows Mobile 6 Standard SDK (ARMV4I).ActiveCfg = Release|Windows Mobile 6 Standard SDK (ARMV4I)
		{87355734-CA48-4C1A-A615-E854367749C9}.Release|Windows Mobile 6 Standard SDK (ARMV4I).Build.0 = Release|Windows Mobile 6 Standard SDK (ARMV4I)
		{87355734-CA48-4C1A-A615-E854367749C9}.Release|Windows Mobile 6 Standard SDK (ARMV4I).Deploy.0 = Release|Windows Mobile 6 Standard SDK (ARMV4I)
		{2A05A59A-0B18-4055-A8AF-DBB68241150E}.Debug|Win32.ActiveCfg = Debug|Win32
		{2A05A59A-0B18-4055-A8AF-DBB68241150E}.Debug|Win32.Build.0 = Debug|Win32
		{2A05A59A-0B18-4055-A8AF-DBB68241150E}.Debug|Windows Mobile 6 Standard SDK (ARMV4I).ActiveCfg = Debug|Windows Mobile 6 Standard SDK (ARMV4I)
		{2A05A59A-0B18-4055-A8AF-DBB68241150E}.Debug|Windows Mobile 6 Standard SDK (ARMV4I).Build.0 = Debug|Windows Mobile 6 Standard SDK (ARMV4I)
		{2A05A59A-0B18-4055-A8AF-DBB68241150E}.Debug|Windows Mobile 6 Standard SDK (ARMV4I).Deploy.0 = Debug|Windows Mobile 6 Standard SDK (ARMV4I)
		{2A05A59A-0B18-4055-A8AF-DBB68241150E}.Release|Win32.ActiveCfg = Release|Win32
		{2A05A59A-0B18-4055-A8AF-DBB68241150E}.Release|Win32.Build.0 = Release|Win32
		{2A05A59A-0B18-4055-A8AF-DBB68241150E}.Release|Windows Mobile 6 Standard SDK (ARMV4I).ActiveCfg = Release|Windows Mobile 6 Standard SDK (ARMV4I)
		{2A05A59A-0B18-4055-A8AF-DBB68241150E}.Release|Windows Mobile 6 Standard SDK (ARMV4I).Build.0 = Release|Windows Mobile 6 Standard SDK (ARMV4I)
		{2A05A59A-0B18-4055-A8AF-DBB68241150E}.Release|Windows Mobile 6 Standard SDK (ARMV4I).Deploy.0 = Release|Windows Mobile 6 Standard SDK (ARMV4I)
		{7CF641D5-C0B7-4816-B769-F2A628560EB7}.Debug|Win32.ActiveCfg = Debug|Win32
		{7CF641D5-C0B7-4816-B769-F2A628560EB7}.Debug|Win32.Build.0 = Debug|Win32
		{7CF641D5-C0B7-4816-B769-F2A628560EB7}.Debug|Windows Mobile 6 Standard SDK (ARMV4I).ActiveCfg = Debug|Windows Mobile 6 Standard SDK (ARMV4I)
		{7CF641D5-C0B7-4816-B769-F2A628560EB7}.Debug|Windows Mobile 6 Standard SDK (ARMV4I).Build.0 = Debug|Windows Mobile 6 Standard SDK (ARMV4I)
		{7CF641D5-C0B7-4816-B769-F2A628560EB7}.Debug|Windows Mobile 6 Standard SDK (ARMV4I).Deploy.0 = Debug|Windows Mobile 6 Standard SDK (ARMV4I)
		{7CF641D5-C0B7-4816-B769-F2A628560EB7}.Release|Win32.ActiveCfg = Release|Win32
		{7CF641D5-C0B7-4816-B769-F2A628560EB7}.Release|Win32.Build.0 = Release|Win32
		{7CF641D5-C0B7-4816-B769-F2A628560EB7}.Release|Windows Mobile 6 Standard SDK (ARMV4I).ActiveCfg = Release|Windows Mobile 6 Standard SDK (ARMV4I)
		{7CF641D5-C0B7-4816-B769-F2A628560EB7}.Release|Windows Mobile 6 Standard SDK (ARMV4I).Build.0 = Release|Windows Mobile 6 Standard SDK (ARMV4I)
		{7CF641D5-C0B7-4816-B769-F2A628560EB7}.Release|Windows Mobile 6 Standard SDK (ARMV4I).Deploy.0 = Release|Windows Mobile 6 Standard SDK (ARMV4I)
		{37FD7C2F-E71D-44DC-8965-464F7BC602E0}.Debug|Win32.ActiveCfg = Debug|Win32
		{37FD7C2F-E71D-44DC-8965-464F7BC602E0}.Debug|Win32.Build.0 = Debug|Win32
		{37FD7C2F-E71D-44DC-8965-464F7BC602E0}.Debug|Windows Mobile 6 Standard SDK (ARMV4I).ActiveCfg = Debug|Windows Mobile 6 Standard SDK (ARMV4I)
		{37FD7C2F-E71D-44DC-8965-464F7BC602E0}.Debug|Windows Mobile 6 Standard SDK (ARMV4I).Build.0 = Debug|Windows Mobile 6 Standard SDK (ARMV4I)
		{37FD7C2F-E71D-44DC-8965-464F7BC602E0}.Debug|Windows Mobile 6 Standard SDK (ARMV4I).Deploy.0 = Debug|Windows Mobile 6 Standard SDK (ARMV4I)
		{37FD7C2F-E71D-44DC-8965-464F7BC602E0}.Release|Win32.ActiveCfg = Release|Win32
		{37FD7C2F-E71D-44DC-8965-464F7BC602E0}.Release|Win32.Build.0 = Release|Win32
		{37FD7C2F-E71D-44DC-8965-464F7BC602E0}.Release|Windows Mobile 6 Standard SDK (ARMV4I).ActiveCfg = Release|Windows Mobile 6 Standard SDK (ARMV4I)
		{37FD7C2F-E71D-44DC-8965-464F7BC602E0}.Release|Windows Mobile 6 Standard SDK (ARMV4I).Build.0 = Release|Windows Mobile 6 Standard SDK (ARMV4I)
		{37FD7C2F-E71D-44DC-8965-464F7BC602E0}.Release|Windows Mobile 6 Standard SDK (ARMV4I).Deploy.0 = Release|Windows Mobile 6 Standard SDK (ARMV4I)
		{2AA0918E-E483-4CB8-8009-763CF1937619}.Debug|Win32.ActiveCfg = Debug|Win32
		{2AA0918E-E483-4CB8-8009-763CF1937619}.Debug|Win32.Build.0 = Debug|Win32
		{2AA0918E-E483-4CB8-8009-763CF1937619}.Debug|Windows Mobile 6 Standard SDK (ARMV4I).ActiveCfg = Debug|Windows Mobile 6 Standard SDK (ARMV4I)
		{2AA0918E-E483-4CB8-8009-763CF1937619}.Debug|Windows Mobile 6 Standard SDK (ARMV4I).Build.0 = Debug|Windows Mobile 6 Standard SDK (ARMV4I)
		{2AA0918E-E483-4CB8-8009-763CF1937619}.Debug|Windows Mobile 6 Standard SDK (ARMV4I).Deploy.0 = Debug|Windows Mobile 6 Standard SDK (ARMV4I)
		{2AA0918E-E483-4CB8-8009-763CF1937619}.Release|Win32.ActiveCfg = Release|Win32
		{2AA0918E-E483-4CB8-8009-763CF1937619}.Release|Win32.Build.0 = Release|Win32
		{2AA0918E-E483-4CB8-8009-763CF1937619}.Release|Windows Mobile 6 Standard SDK (ARMV4I).ActiveCfg = Release|Windows Mobile 6 Standard SDK (ARMV4I)
		{2AA0918E-E483-4CB8-8009-763CF1937619}.Release|Windows Mobile 6 Standard SDK (ARMV4I).Build.0 = Release|Windows Mobile 6 Standard SDK (ARMV4I)
		{2AA0918E-E483-4CB8-8009-763CF1937619}.Release|Windows Mobile 6 Standard SDK (ARMV4I).Deploy.0 = Release|Windows Mobile 6 Standard SDK (ARMV4I)
		{219D19F4-3785-4C78-AB6D-BE27BBBF4996}.Debug|Win32.ActiveCfg = Debug|Win32
		{219D19F4-3785-4C78-AB6D-BE27BBBF4996}.Debug|Win32.Build.0 = Debug|Win32
		{219D19F4-3785-4C78-AB6D-BE27BBBF4996}.Debug|Windows Mobile 6 Standard SDK (ARMV4I).ActiveCfg = Debug|Windows Mobile 6 Standard SDK (ARMV4I)
		{219D19F4-3785-4C78-AB6D-BE27BBBF4996}.Debug|Windows Mobile 6 Standard SDK (ARMV4I).Build.0 = Debug|Windows Mobile 6 Standard SDK (ARMV4I)
		{219D19F4-3785-4C78-AB6D-BE27BBBF4996}.Debug|Windows Mobile 6 Standard SDK (ARMV4I).Deploy.0 = Debug|Windows Mobile 6 Standard SDK (ARMV4I)
		{219D19F4-3785-4C78-AB6D-BE27BBBF4996}.Release|Win32.ActiveCfg = Release|Win32
		{219D19F4-3785-4C78-AB6D-BE27BBBF4996}.Release|Win32.Build.0 = Release|Win32
		{219D19F4-3785-4C78-AB6D-BE27BBBF4996}.Release|Windows Mobile 6 Standard SDK (ARMV4I).ActiveCfg = Release|Windows Mobile 6 Standard SDK (ARMV4I)
		{219D19F4-3785-4C78-AB6D-BE27BBBF4996}.Release|Windows Mobile 6 Standard SDK (ARMV4I).Build.0 = Release|Windows Mobile 6 Standard SDK (ARMV4I)
		{219D19F4-3785-4C78-AB6D-BE27BBBF4996}.Release|Windows Mobile 6 Standard SDK (ARMV4I).Deploy.0 = Release|Windows Mobile 6 Standard SDK (ARMV4I)
	EndGlobalSection
	GlobalSection(SolutionProperties) = preSolution
		HideSolutionNode = FALSE
	EndGlobalSection
EndGlobal
