Microsoft Visual Studio Solution File, Format Version 12.00
# Visual Studio 2019
Project("{8BC9CEB8-8B4A-11D0-8D11-00A0C91BC942}") = "EGL", "EGL.vcxproj", "{9C7F128E-D704-AB7A-2C6D-36125C807404}"
	ProjectSection(ProjectDependencies) = postProject
		{12D99C1E-DAB6-CDA8-C7A5-F901E46FBBD6} = {12D99C1E-DAB6-CDA8-C7A5-F901E46FBBD6}
	EndProjectSection
EndProject
Project("{8BC9CEB8-8B4A-11D0-8D11-00A0C91BC942}") = "GLESv2", "GLESv2.vcxproj", "{12D99C1E-DAB6-CDA8-C7A5-F901E46FBBD6}"
	ProjectSection(ProjectDependencies) = postProject
		{AE86A079-4BA5-E926-516A-4CA967AEA4BE} = {AE86A079-4BA5-E926-516A-4CA967AEA4BE}
	EndProjectSection
EndProject
Project("{8BC9CEB8-8B4A-11D0-8D11-00A0C91BC942}") = "JavaScriptCore", "JavaScriptCore.vcxproj", "{080E9DFF-21D5-16F5-C77F-6C8DB44510DE}"
	ProjectSection(ProjectDependencies) = postProject
		{747885EC-7BAA-7F2B-B15B-E196A52DBE82} = {747885EC-7BAA-7F2B-B15B-E196A52DBE82}
		{891EDF98-1FF6-402D-5ACE-87E56A590AD2} = {891EDF98-1FF6-402D-5ACE-87E56A590AD2}
		{38D7C7E1-0E89-01A9-C21D-B4F3AD0B14CA} = {38D7C7E1-0E89-01A9-C21D-B4F3AD0B14CA}
	EndProjectSection
EndProject
Project("{8BC9CEB8-8B4A-11D0-8D11-00A0C91BC942}") = "WTF", "WTF.vcxproj", "{747885EC-7BAA-7F2B-B15B-E196A52DBE82}"
	ProjectSection(ProjectDependencies) = postProject
		{891EDF98-1FF6-402D-5ACE-87E56A590AD2} = {891EDF98-1FF6-402D-5ACE-87E56A590AD2}
		{38D7C7E1-0E89-01A9-C21D-B4F3AD0B14CA} = {38D7C7E1-0E89-01A9-C21D-B4F3AD0B14CA}
		{1871EEC3-AD14-955D-13A1-0528D820F387} = {1871EEC3-AD14-955D-13A1-0528D820F387}
	EndProjectSection
EndProject
Project("{8BC9CEB8-8B4A-11D0-8D11-00A0C91BC942}") = "WebCore", "WebCore.vcxproj", "{B052D85B-10CC-06FA-F5E3-ADA46863D782}"
	ProjectSection(ProjectDependencies) = postProject
		{747885EC-7BAA-7F2B-B15B-E196A52DBE82} = {747885EC-7BAA-7F2B-B15B-E196A52DBE82}
		{080E9DFF-21D5-16F5-C77F-6C8DB44510DE} = {080E9DFF-21D5-16F5-C77F-6C8DB44510DE}
		{AE86A079-4BA5-E926-516A-4CA967AEA4BE} = {AE86A079-4BA5-E926-516A-4CA967AEA4BE}
		{D76D2325-CDDA-3A00-A705-7EFFD069C6D8} = {D76D2325-CDDA-3A00-A705-7EFFD069C6D8}
		{E1EB6211-0555-55B5-0396-B0BAC64CA009} = {E1EB6211-0555-55B5-0396-B0BAC64CA009}
		{F197B588-141C-006E-0EB9-F336A96B5751} = {F197B588-141C-006E-0EB9-F336A96B5751}
		{0D88CCFE-287D-F543-DFF1-8AFC59533BFC} = {0D88CCFE-287D-F543-DFF1-8AFC59533BFC}
		{891EDF98-1FF6-402D-5ACE-87E56A590AD2} = {891EDF98-1FF6-402D-5ACE-87E56A590AD2}
		{38D7C7E1-0E89-01A9-C21D-B4F3AD0B14CA} = {38D7C7E1-0E89-01A9-C21D-B4F3AD0B14CA}
		{80425EFA-E895-E525-7FDC-3A98D864C488} = {80425EFA-E895-E525-7FDC-3A98D864C488}
		{0A94BB18-CD86-C113-FAE9-52B244D9D777} = {0A94BB18-CD86-C113-FAE9-52B244D9D777}
		{A424372C-6CEB-1C74-A238-40821B77A82B} = {A424372C-6CEB-1C74-A238-40821B77A82B}
		{E8C76AEA-C82E-F242-56DA-D2A9C9E1F097} = {E8C76AEA-C82E-F242-56DA-D2A9C9E1F097}
		{F2FF7A22-E21C-E8A1-B889-4D34DBE3FF67} = {F2FF7A22-E21C-E8A1-B889-4D34DBE3FF67}
		{1871EEC3-AD14-955D-13A1-0528D820F387} = {1871EEC3-AD14-955D-13A1-0528D820F387}
		{9C7F128E-D704-AB7A-2C6D-36125C807404} = {9C7F128E-D704-AB7A-2C6D-36125C807404}
		{12D99C1E-DAB6-CDA8-C7A5-F901E46FBBD6} = {12D99C1E-DAB6-CDA8-C7A5-F901E46FBBD6}
	EndProjectSection
EndProject
Project("{8BC9CEB8-8B4A-11D0-8D11-00A0C91BC942}") = "curl", "curl.vcxproj", "{0D88CCFE-287D-F543-DFF1-8AFC59533BFC}"
	ProjectSection(ProjectDependencies) = postProject
		{2239ACDA-EEFF-71EA-2273-E008C7846407} = {2239ACDA-EEFF-71EA-2273-E008C7846407}
		{1871EEC3-AD14-955D-13A1-0528D820F387} = {1871EEC3-AD14-955D-13A1-0528D820F387}
	EndProjectSection
EndProject
Project("{8BC9CEB8-8B4A-11D0-8D11-00A0C91BC942}") = "demo", "demo.vcxproj", "{4E78F347-E2F6-B4FA-7233-FD9F300679A7}"
	ProjectSection(ProjectDependencies) = postProject
		{B052D85B-10CC-06FA-F5E3-ADA46863D782} = {B052D85B-10CC-06FA-F5E3-ADA46863D782}
		{080E9DFF-21D5-16F5-C77F-6C8DB44510DE} = {080E9DFF-21D5-16F5-C77F-6C8DB44510DE}
		{747885EC-7BAA-7F2B-B15B-E196A52DBE82} = {747885EC-7BAA-7F2B-B15B-E196A52DBE82}
	EndProjectSection
EndProject
Project("{8BC9CEB8-8B4A-11D0-8D11-00A0C91BC942}") = "freetype2", "freetype2.vcxproj", "{5B596BA9-22B9-28A1-50B6-3AB7B15F9E60}"
	ProjectSection(ProjectDependencies) = postProject
		{0A94BB18-CD86-C113-FAE9-52B244D9D777} = {0A94BB18-CD86-C113-FAE9-52B244D9D777}
		{1871EEC3-AD14-955D-13A1-0528D820F387} = {1871EEC3-AD14-955D-13A1-0528D820F387}
	EndProjectSection
EndProject
Project("{8BC9CEB8-8B4A-11D0-8D11-00A0C91BC942}") = "gtest", "gtest.vcxproj", "{8144980F-B90C-C433-D22A-16098AE4741F}"
EndProject
Project("{8BC9CEB8-8B4A-11D0-8D11-00A0C91BC942}") = "harfbuzz", "harfbuzz.vcxproj", "{E1EB6211-0555-55B5-0396-B0BAC64CA009}"
	ProjectSection(ProjectDependencies) = postProject
		{5B596BA9-22B9-28A1-50B6-3AB7B15F9E60} = {5B596BA9-22B9-28A1-50B6-3AB7B15F9E60}
		{891EDF98-1FF6-402D-5ACE-87E56A590AD2} = {891EDF98-1FF6-402D-5ACE-87E56A590AD2}
		{38D7C7E1-0E89-01A9-C21D-B4F3AD0B14CA} = {38D7C7E1-0E89-01A9-C21D-B4F3AD0B14CA}
	EndProjectSection
EndProject
Project("{8BC9CEB8-8B4A-11D0-8D11-00A0C91BC942}") = "icui18n", "icui18n.vcxproj", "{38D7C7E1-0E89-01A9-C21D-B4F3AD0B14CA}"
	ProjectSection(ProjectDependencies) = postProject
		{891EDF98-1FF6-402D-5ACE-87E56A590AD2} = {891EDF98-1FF6-402D-5ACE-87E56A590AD2}
	EndProjectSection
EndProject
Project("{8BC9CEB8-8B4A-11D0-8D11-00A0C91BC942}") = "icuuc", "icuuc.vcxproj", "{891EDF98-1FF6-402D-5ACE-87E56A590AD2}"
EndProject
Project("{8BC9CEB8-8B4A-11D0-8D11-00A0C91BC942}") = "jpeg", "jpeg.vcxproj", "{80425EFA-E895-E525-7FDC-3A98D864C488}"
EndProject
Project("{8BC9CEB8-8B4A-11D0-8D11-00A0C91BC942}") = "mbedtls", "mbedtls.vcxproj", "{2239ACDA-EEFF-71EA-2273-E008C7846407}"
EndProject
Project("{8BC9CEB8-8B4A-11D0-8D11-00A0C91BC942}") = "picasso2_sw", "picasso2_sw.vcxproj", "{D76D2325-CDDA-3A00-A705-7EFFD069C6D8}"
	ProjectSection(ProjectDependencies) = postProject
		{5B596BA9-22B9-28A1-50B6-3AB7B15F9E60} = {5B596BA9-22B9-28A1-50B6-3AB7B15F9E60}
	EndProjectSection
EndProject
Project("{8BC9CEB8-8B4A-11D0-8D11-00A0C91BC942}") = "png", "png.vcxproj", "{0A94BB18-CD86-C113-FAE9-52B244D9D777}"
	ProjectSection(ProjectDependencies) = postProject
		{1871EEC3-AD14-955D-13A1-0528D820F387} = {1871EEC3-AD14-955D-13A1-0528D820F387}
	EndProjectSection
EndProject
Project("{8BC9CEB8-8B4A-11D0-8D11-00A0C91BC942}") = "sqlite", "sqlite.vcxproj", "{F197B588-141C-006E-0EB9-F336A96B5751}"
EndProject
Project("{8BC9CEB8-8B4A-11D0-8D11-00A0C91BC942}") = "translator", "translator.vcxproj", "{AE86A079-4BA5-E926-516A-4CA967AEA4BE}"
EndProject
Project("{8BC9CEB8-8B4A-11D0-8D11-00A0C91BC942}") = "unit_tests", "unit_tests.vcxproj", "{C79437AC-B5AD-BFC3-0279-545977924856}"
	ProjectSection(ProjectDependencies) = postProject
		{8144980F-B90C-C433-D22A-16098AE4741F} = {8144980F-B90C-C433-D22A-16098AE4741F}
		{B052D85B-10CC-06FA-F5E3-ADA46863D782} = {B052D85B-10CC-06FA-F5E3-ADA46863D782}
		{080E9DFF-21D5-16F5-C77F-6C8DB44510DE} = {080E9DFF-21D5-16F5-C77F-6C8DB44510DE}
		{747885EC-7BAA-7F2B-B15B-E196A52DBE82} = {747885EC-7BAA-7F2B-B15B-E196A52DBE82}
	EndProjectSection
EndProject
Project("{8BC9CEB8-8B4A-11D0-8D11-00A0C91BC942}") = "uv", "uv.vcxproj", "{A424372C-6CEB-1C74-A238-40821B77A82B}"
EndProject
Project("{8BC9CEB8-8B4A-11D0-8D11-00A0C91BC942}") = "xml2", "xml2.vcxproj", "{E8C76AEA-C82E-F242-56DA-D2A9C9E1F097}"
	ProjectSection(ProjectDependencies) = postProject
		{1871EEC3-AD14-955D-13A1-0528D820F387} = {1871EEC3-AD14-955D-13A1-0528D820F387}
	EndProjectSection
EndProject
Project("{8BC9CEB8-8B4A-11D0-8D11-00A0C91BC942}") = "xslt", "xslt.vcxproj", "{F2FF7A22-E21C-E8A1-B889-4D34DBE3FF67}"
	ProjectSection(ProjectDependencies) = postProject
		{E8C76AEA-C82E-F242-56DA-D2A9C9E1F097} = {E8C76AEA-C82E-F242-56DA-D2A9C9E1F097}
	EndProjectSection
EndProject
Project("{8BC9CEB8-8B4A-11D0-8D11-00A0C91BC942}") = "zlib", "zlib.vcxproj", "{1871EEC3-AD14-955D-13A1-0528D820F387}"
EndProject
Global
	GlobalSection(SolutionConfigurationPlatforms) = preSolution
		Debug|Win32 = Debug|Win32
		Release|Win32 = Release|Win32
	EndGlobalSection
	GlobalSection(ProjectConfigurationPlatforms) = postSolution
		{080E9DFF-21D5-16F5-C77F-6C8DB44510DE}.Debug|Win32.ActiveCfg = Debug|Win32
		{080E9DFF-21D5-16F5-C77F-6C8DB44510DE}.Debug|Win32.Build.0 = Debug|Win32
		{080E9DFF-21D5-16F5-C77F-6C8DB44510DE}.Release|Win32.ActiveCfg = Release|Win32
		{080E9DFF-21D5-16F5-C77F-6C8DB44510DE}.Release|Win32.Build.0 = Release|Win32
		{0A94BB18-CD86-C113-FAE9-52B244D9D777}.Debug|Win32.ActiveCfg = Debug|Win32
		{0A94BB18-CD86-C113-FAE9-52B244D9D777}.Debug|Win32.Build.0 = Debug|Win32
		{0A94BB18-CD86-C113-FAE9-52B244D9D777}.Release|Win32.ActiveCfg = Release|Win32
		{0A94BB18-CD86-C113-FAE9-52B244D9D777}.Release|Win32.Build.0 = Release|Win32
		{0D88CCFE-287D-F543-DFF1-8AFC59533BFC}.Debug|Win32.ActiveCfg = Debug|Win32
		{0D88CCFE-287D-F543-DFF1-8AFC59533BFC}.Debug|Win32.Build.0 = Debug|Win32
		{0D88CCFE-287D-F543-DFF1-8AFC59533BFC}.Release|Win32.ActiveCfg = Release|Win32
		{0D88CCFE-287D-F543-DFF1-8AFC59533BFC}.Release|Win32.Build.0 = Release|Win32
		{12D99C1E-DAB6-CDA8-C7A5-F901E46FBBD6}.Debug|Win32.ActiveCfg = Debug|Win32
		{12D99C1E-DAB6-CDA8-C7A5-F901E46FBBD6}.Debug|Win32.Build.0 = Debug|Win32
		{12D99C1E-DAB6-CDA8-C7A5-F901E46FBBD6}.Release|Win32.ActiveCfg = Release|Win32
		{12D99C1E-DAB6-CDA8-C7A5-F901E46FBBD6}.Release|Win32.Build.0 = Release|Win32
		{1871EEC3-AD14-955D-13A1-0528D820F387}.Debug|Win32.ActiveCfg = Debug|Win32
		{1871EEC3-AD14-955D-13A1-0528D820F387}.Debug|Win32.Build.0 = Debug|Win32
		{1871EEC3-AD14-955D-13A1-0528D820F387}.Release|Win32.ActiveCfg = Release|Win32
		{1871EEC3-AD14-955D-13A1-0528D820F387}.Release|Win32.Build.0 = Release|Win32
		{2239ACDA-EEFF-71EA-2273-E008C7846407}.Debug|Win32.ActiveCfg = Debug|Win32
		{2239ACDA-EEFF-71EA-2273-E008C7846407}.Debug|Win32.Build.0 = Debug|Win32
		{2239ACDA-EEFF-71EA-2273-E008C7846407}.Release|Win32.ActiveCfg = Release|Win32
		{2239ACDA-EEFF-71EA-2273-E008C7846407}.Release|Win32.Build.0 = Release|Win32
		{38D7C7E1-0E89-01A9-C21D-B4F3AD0B14CA}.Debug|Win32.ActiveCfg = Debug|Win32
		{38D7C7E1-0E89-01A9-C21D-B4F3AD0B14CA}.Debug|Win32.Build.0 = Debug|Win32
		{38D7C7E1-0E89-01A9-C21D-B4F3AD0B14CA}.Release|Win32.ActiveCfg = Release|Win32
		{38D7C7E1-0E89-01A9-C21D-B4F3AD0B14CA}.Release|Win32.Build.0 = Release|Win32
		{4E78F347-E2F6-B4FA-7233-FD9F300679A7}.Debug|Win32.ActiveCfg = Debug|Win32
		{4E78F347-E2F6-B4FA-7233-FD9F300679A7}.Debug|Win32.Build.0 = Debug|Win32
		{4E78F347-E2F6-B4FA-7233-FD9F300679A7}.Release|Win32.ActiveCfg = Release|Win32
		{4E78F347-E2F6-B4FA-7233-FD9F300679A7}.Release|Win32.Build.0 = Release|Win32
		{5B596BA9-22B9-28A1-50B6-3AB7B15F9E60}.Debug|Win32.ActiveCfg = Debug|Win32
		{5B596BA9-22B9-28A1-50B6-3AB7B15F9E60}.Debug|Win32.Build.0 = Debug|Win32
		{5B596BA9-22B9-28A1-50B6-3AB7B15F9E60}.Release|Win32.ActiveCfg = Release|Win32
		{5B596BA9-22B9-28A1-50B6-3AB7B15F9E60}.Release|Win32.Build.0 = Release|Win32
		{747885EC-7BAA-7F2B-B15B-E196A52DBE82}.Debug|Win32.ActiveCfg = Debug|Win32
		{747885EC-7BAA-7F2B-B15B-E196A52DBE82}.Debug|Win32.Build.0 = Debug|Win32
		{747885EC-7BAA-7F2B-B15B-E196A52DBE82}.Release|Win32.ActiveCfg = Release|Win32
		{747885EC-7BAA-7F2B-B15B-E196A52DBE82}.Release|Win32.Build.0 = Release|Win32
		{80425EFA-E895-E525-7FDC-3A98D864C488}.Debug|Win32.ActiveCfg = Debug|Win32
		{80425EFA-E895-E525-7FDC-3A98D864C488}.Debug|Win32.Build.0 = Debug|Win32
		{80425EFA-E895-E525-7FDC-3A98D864C488}.Release|Win32.ActiveCfg = Release|Win32
		{80425EFA-E895-E525-7FDC-3A98D864C488}.Release|Win32.Build.0 = Release|Win32
		{8144980F-B90C-C433-D22A-16098AE4741F}.Debug|Win32.ActiveCfg = Debug|Win32
		{8144980F-B90C-C433-D22A-16098AE4741F}.Debug|Win32.Build.0 = Debug|Win32
		{8144980F-B90C-C433-D22A-16098AE4741F}.Release|Win32.ActiveCfg = Release|Win32
		{8144980F-B90C-C433-D22A-16098AE4741F}.Release|Win32.Build.0 = Release|Win32
		{891EDF98-1FF6-402D-5ACE-87E56A590AD2}.Debug|Win32.ActiveCfg = Debug|Win32
		{891EDF98-1FF6-402D-5ACE-87E56A590AD2}.Debug|Win32.Build.0 = Debug|Win32
		{891EDF98-1FF6-402D-5ACE-87E56A590AD2}.Release|Win32.ActiveCfg = Release|Win32
		{891EDF98-1FF6-402D-5ACE-87E56A590AD2}.Release|Win32.Build.0 = Release|Win32
		{9C7F128E-D704-AB7A-2C6D-36125C807404}.Debug|Win32.ActiveCfg = Debug|Win32
		{9C7F128E-D704-AB7A-2C6D-36125C807404}.Debug|Win32.Build.0 = Debug|Win32
		{9C7F128E-D704-AB7A-2C6D-36125C807404}.Release|Win32.ActiveCfg = Release|Win32
		{9C7F128E-D704-AB7A-2C6D-36125C807404}.Release|Win32.Build.0 = Release|Win32
		{A424372C-6CEB-1C74-A238-40821B77A82B}.Debug|Win32.ActiveCfg = Debug|Win32
		{A424372C-6CEB-1C74-A238-40821B77A82B}.Debug|Win32.Build.0 = Debug|Win32
		{A424372C-6CEB-1C74-A238-40821B77A82B}.Release|Win32.ActiveCfg = Release|Win32
		{A424372C-6CEB-1C74-A238-40821B77A82B}.Release|Win32.Build.0 = Release|Win32
		{AE86A079-4BA5-E926-516A-4CA967AEA4BE}.Debug|Win32.ActiveCfg = Debug|Win32
		{AE86A079-4BA5-E926-516A-4CA967AEA4BE}.Debug|Win32.Build.0 = Debug|Win32
		{AE86A079-4BA5-E926-516A-4CA967AEA4BE}.Release|Win32.ActiveCfg = Release|Win32
		{AE86A079-4BA5-E926-516A-4CA967AEA4BE}.Release|Win32.Build.0 = Release|Win32
		{B052D85B-10CC-06FA-F5E3-ADA46863D782}.Debug|Win32.ActiveCfg = Debug|Win32
		{B052D85B-10CC-06FA-F5E3-ADA46863D782}.Debug|Win32.Build.0 = Debug|Win32
		{B052D85B-10CC-06FA-F5E3-ADA46863D782}.Release|Win32.ActiveCfg = Release|Win32
		{B052D85B-10CC-06FA-F5E3-ADA46863D782}.Release|Win32.Build.0 = Release|Win32
		{C79437AC-B5AD-BFC3-0279-545977924856}.Debug|Win32.ActiveCfg = Debug|Win32
		{C79437AC-B5AD-BFC3-0279-545977924856}.Debug|Win32.Build.0 = Debug|Win32
		{C79437AC-B5AD-BFC3-0279-545977924856}.Release|Win32.ActiveCfg = Release|Win32
		{C79437AC-B5AD-BFC3-0279-545977924856}.Release|Win32.Build.0 = Release|Win32
		{D76D2325-CDDA-3A00-A705-7EFFD069C6D8}.Debug|Win32.ActiveCfg = Debug|Win32
		{D76D2325-CDDA-3A00-A705-7EFFD069C6D8}.Debug|Win32.Build.0 = Debug|Win32
		{D76D2325-CDDA-3A00-A705-7EFFD069C6D8}.Release|Win32.ActiveCfg = Release|Win32
		{D76D2325-CDDA-3A00-A705-7EFFD069C6D8}.Release|Win32.Build.0 = Release|Win32
		{E1EB6211-0555-55B5-0396-B0BAC64CA009}.Debug|Win32.ActiveCfg = Debug|Win32
		{E1EB6211-0555-55B5-0396-B0BAC64CA009}.Debug|Win32.Build.0 = Debug|Win32
		{E1EB6211-0555-55B5-0396-B0BAC64CA009}.Release|Win32.ActiveCfg = Release|Win32
		{E1EB6211-0555-55B5-0396-B0BAC64CA009}.Release|Win32.Build.0 = Release|Win32
		{E8C76AEA-C82E-F242-56DA-D2A9C9E1F097}.Debug|Win32.ActiveCfg = Debug|Win32
		{E8C76AEA-C82E-F242-56DA-D2A9C9E1F097}.Debug|Win32.Build.0 = Debug|Win32
		{E8C76AEA-C82E-F242-56DA-D2A9C9E1F097}.Release|Win32.ActiveCfg = Release|Win32
		{E8C76AEA-C82E-F242-56DA-D2A9C9E1F097}.Release|Win32.Build.0 = Release|Win32
		{F197B588-141C-006E-0EB9-F336A96B5751}.Debug|Win32.ActiveCfg = Debug|Win32
		{F197B588-141C-006E-0EB9-F336A96B5751}.Debug|Win32.Build.0 = Debug|Win32
		{F197B588-141C-006E-0EB9-F336A96B5751}.Release|Win32.ActiveCfg = Release|Win32
		{F197B588-141C-006E-0EB9-F336A96B5751}.Release|Win32.Build.0 = Release|Win32
		{F2FF7A22-E21C-E8A1-B889-4D34DBE3FF67}.Debug|Win32.ActiveCfg = Debug|Win32
		{F2FF7A22-E21C-E8A1-B889-4D34DBE3FF67}.Debug|Win32.Build.0 = Debug|Win32
		{F2FF7A22-E21C-E8A1-B889-4D34DBE3FF67}.Release|Win32.ActiveCfg = Release|Win32
		{F2FF7A22-E21C-E8A1-B889-4D34DBE3FF67}.Release|Win32.Build.0 = Release|Win32
	EndGlobalSection
	GlobalSection(SolutionProperties) = preSolution
		HideSolutionNode = FALSE
	EndGlobalSection
EndGlobal
